
Microsoft Visual Studio Solution File, Format Version 12.00
# Visual Studio Version 17
VisualStudioVersion = 17.7.34009.444
MinimumVisualStudioVersion = 10.0.40219.1
Project("{FAE04EC0-301F-11D3-BF4B-00C04F79EFBC}") = "DesignPatterns_Lesson2", "DesignPatterns_Lesson2\DesignPatterns_Lesson2.csproj", "{A912C9C4-AB98-4EF3-9A8C-4731B15E7FED}"
EndProject
Global
	GlobalSection(SolutionConfigurationPlatforms) = preSolution
		Debug|Any CPU = Debug|Any CPU
		Release|Any CPU = Release|Any CPU
	EndGlobalSection
	GlobalSection(ProjectConfigurationPlatforms) = postSolution
		{A912C9C4-AB98-4EF3-9A8C-4731B15E7FED}.Debug|Any CPU.ActiveCfg = Debug|Any CPU
		{A912C9C4-AB98-4EF3-9A8C-4731B15E7FED}.Debug|Any CPU.Build.0 = Debug|Any CPU
		{A912C9C4-AB98-4EF3-9A8C-4731B15E7FED}.Release|Any CPU.ActiveCfg = Release|Any CPU
		{A912C9C4-AB98-4EF3-9A8C-4731B15E7FED}.Release|Any CPU.Build.0 = Release|Any CPU
	EndGlobalSection
	GlobalSection(SolutionProperties) = preSolution
		HideSolutionNode = FALSE
	EndGlobalSection
	GlobalSection(ExtensibilityGlobals) = postSolution
		SolutionGuid = {4155BB35-D7EB-4351-8201-7FD60709686F}
	EndGlobalSection
EndGlobal
